
Microsoft Visual Studio Solution File, Format Version 12.00
# Visual Studio Version 17
VisualStudioVersion = 17.11.35312.102
MinimumVisualStudioVersion = 10.0.40219.1
Project("{FAE04EC0-301F-11D3-BF4B-00C04F79EFBC}") = "KinderGartenApp.API", "KinderGartenApp.API.csproj", "{58D46E7E-C4A2-447F-B0EC-0C46FBEDA7B4}"
EndProject
Project("{FAE04EC0-301F-11D3-BF4B-00C04F79EFBC}") = "KinderGartenApp.Tests", "..\KinderGartenApp.Tests\KinderGartenApp.Tests.csproj", "{47147EA2-A5EA-432E-9418-6A387BF8C7BB}"
EndProject
Project("{FAE04EC0-301F-11D3-BF4B-00C04F79EFBC}") = "KinderGartenApp.Domain", "..\KinderGartenApp.Domain\KinderGartenApp.Domain.csproj", "{29427C22-E010-47A7-9F00-C8E4DD1F2FB1}"
EndProject
Global
	GlobalSection(SolutionConfigurationPlatforms) = preSolution
		Debug|Any CPU = Debug|Any CPU
		Release|Any CPU = Release|Any CPU
	EndGlobalSection
	GlobalSection(ProjectConfigurationPlatforms) = postSolution
		{58D46E7E-C4A2-447F-B0EC-0C46FBEDA7B4}.Debug|Any CPU.ActiveCfg = Debug|Any CPU
		{58D46E7E-C4A2-447F-B0EC-0C46FBEDA7B4}.Debug|Any CPU.Build.0 = Debug|Any CPU
		{58D46E7E-C4A2-447F-B0EC-0C46FBEDA7B4}.Release|Any CPU.ActiveCfg = Release|Any CPU
		{58D46E7E-C4A2-447F-B0EC-0C46FBEDA7B4}.Release|Any CPU.Build.0 = Release|Any CPU
		{47147EA2-A5EA-432E-9418-6A387BF8C7BB}.Debug|Any CPU.ActiveCfg = Debug|Any CPU
		{47147EA2-A5EA-432E-9418-6A387BF8C7BB}.Debug|Any CPU.Build.0 = Debug|Any CPU
		{47147EA2-A5EA-432E-9418-6A387BF8C7BB}.Release|Any CPU.ActiveCfg = Release|Any CPU
		{47147EA2-A5EA-432E-9418-6A387BF8C7BB}.Release|Any CPU.Build.0 = Release|Any CPU
		{29427C22-E010-47A7-9F00-C8E4DD1F2FB1}.Debug|Any CPU.ActiveCfg = Debug|Any CPU
		{29427C22-E010-47A7-9F00-C8E4DD1F2FB1}.Debug|Any CPU.Build.0 = Debug|Any CPU
		{29427C22-E010-47A7-9F00-C8E4DD1F2FB1}.Release|Any CPU.ActiveCfg = Release|Any CPU
		{29427C22-E010-47A7-9F00-C8E4DD1F2FB1}.Release|Any CPU.Build.0 = Release|Any CPU
	EndGlobalSection
	GlobalSection(SolutionProperties) = preSolution
		HideSolutionNode = FALSE
	EndGlobalSection
	GlobalSection(ExtensibilityGlobals) = postSolution
		SolutionGuid = {B255C8D0-E4B9-4BF5-82CB-9DAEFE6670F9}
	EndGlobalSection
EndGlobal
